{
  "name": "@norjs/socket-service",
  "version": "1.0.10",
  "lockfileVersion": 1,
  "requires": true,
  "dependencies": {
    "@norjs/utils": {
      "version": "1.0.14",
      "resolved": "https://registry.npmjs.org/@norjs/utils/-/utils-1.0.14.tgz",
      "integrity": "sha512-idEA7hsKAQ+EFAPwTy8mSbzb1cMPNAGmtrOSidMmMlL2CvMaeszr9JoWkFCcNgIHVp+V5UR0WYfzM5+6HaTYtw==",
      "requires": {
        "lodash": "^4.17.15"
      }
    },
    "lodash": {
      "version": "4.17.15",
      "resolved": "https://registry.npmjs.org/lodash/-/lodash-4.17.15.tgz",
      "integrity": "sha512-8xOcRHvCjnocdS5cpwXQXVzmmh5e5+saE2QGoeQmbKmRS6J3VQppPOIt0MnmE+4xlZoumy0GPG0D0MVIQbNA1A=="
    }
  }
}
