{
  "name": "@norjs/socket-service",
  "version": "1.0.14",
  "lockfileVersion": 1,
  "requires": true,
  "dependencies": {
    "@norjs/types": {
      "version": "1.0.17",
      "resolved": "https://registry.npmjs.org/@norjs/types/-/types-1.0.17.tgz",
      "integrity": "sha512-+h+nASJzpJ4/J2oP9m08XqSaj8NNPOd6XQ/hM6yDpSxBlPzJyPUWkmSvJdz6WWlQztTxEmEqlIRWeKGaQm0SFA==",
      "requires": {
        "@norjs/utils": "^1.0.17"
      },
      "dependencies": {
        "@norjs/utils": {
          "version": "1.0.18",
          "resolved": "https://registry.npmjs.org/@norjs/utils/-/utils-1.0.18.tgz",
          "integrity": "sha512-s6kAqQ3HT2bYK+xc8HEtOFpHwzIJ9l6THAXQh7Hl98rgMnco/d8I/wVFh+W05591qs5AJf6hxUvBBbSZCSH4tA==",
          "requires": {
            "lodash": "^4.17.15"
          }
        }
      }
    },
    "@norjs/utils": {
      "version": "1.0.14",
      "resolved": "https://registry.npmjs.org/@norjs/utils/-/utils-1.0.14.tgz",
      "integrity": "sha512-idEA7hsKAQ+EFAPwTy8mSbzb1cMPNAGmtrOSidMmMlL2CvMaeszr9JoWkFCcNgIHVp+V5UR0WYfzM5+6HaTYtw==",
      "requires": {
        "lodash": "^4.17.15"
      }
    },
    "lodash": {
      "version": "4.17.21",
      "resolved": "https://registry.npmjs.org/lodash/-/lodash-4.17.21.tgz",
      "integrity": "sha512-v2kDEe57lecTulaDIuNTPy3Ry4gLGJ6Z1O3vE1krgXZNrsQ+LFTGHVxVjcXPs17LhbZVGedAJv8XZ1tvj5FvSg=="
    }
  }
}
